{
  "name": "dqlabs-impact-analysis-action",
  "version": "1.0.0",
  "lockfileVersion": 3,
  "requires": true,
  "packages": {
    "": {
      "dependencies": {
        "@actions/core": "^1.10.0",
        "@actions/github": "^5.1.1"
      }
    },
    "node_modules/@actions/core": {
      "version": "1.10.0",
      "resolved": "https://registry.npmjs.org/@actions/core/-/core-1.10.0.tgz",
      "integrity": "sha512-...",
      "dependencies": {
        "some-sub-dependency": "^x.x.x"
      }
    },
    "node_modules/@actions/github": {
      "version": "5.1.1",
      "resolved": "https://registry.npmjs.org/@actions/github/-/github-5.1.1.tgz",
      "integrity": "sha512-...",
      "dependencies": {
        "@octokit/core": "^4.x.x",
        "some-other-sub-dependency": "^x.x.x"
      }
    }
  }
}
